
Microsoft Visual Studio Solution File, Format Version 12.00
# Visual Studio Version 16
VisualStudioVersion = 16.0.29806.167
MinimumVisualStudioVersion = 10.0.40219.1
Project("{9A19103F-16F7-4668-BE54-9A1E7A4F7556}") = "CSharpExtensions", "CSharpExtensions\CSharpExtensions.csproj", "{7DA5848C-691C-45CF-BD12-9BA9AAD39F3D}"
EndProject
Project("{FAE04EC0-301F-11D3-BF4B-00C04F79EFBC}") = "CSharpExtensions.Tests", "CSharpExtensions.Tests\CSharpExtensions.Tests.csproj", "{80B3E5E8-234A-41C7-8A4C-67A4A003FB17}"
EndProject
Global
	GlobalSection(SolutionConfigurationPlatforms) = preSolution
		Debug|Any CPU = Debug|Any CPU
		Release|Any CPU = Release|Any CPU
	EndGlobalSection
	GlobalSection(ProjectConfigurationPlatforms) = postSolution
		{7DA5848C-691C-45CF-BD12-9BA9AAD39F3D}.Debug|Any CPU.ActiveCfg = Debug|Any CPU
		{7DA5848C-691C-45CF-BD12-9BA9AAD39F3D}.Debug|Any CPU.Build.0 = Debug|Any CPU
		{7DA5848C-691C-45CF-BD12-9BA9AAD39F3D}.Release|Any CPU.ActiveCfg = Release|Any CPU
		{7DA5848C-691C-45CF-BD12-9BA9AAD39F3D}.Release|Any CPU.Build.0 = Release|Any CPU
		{80B3E5E8-234A-41C7-8A4C-67A4A003FB17}.Debug|Any CPU.ActiveCfg = Debug|Any CPU
		{80B3E5E8-234A-41C7-8A4C-67A4A003FB17}.Debug|Any CPU.Build.0 = Debug|Any CPU
		{80B3E5E8-234A-41C7-8A4C-67A4A003FB17}.Release|Any CPU.ActiveCfg = Release|Any CPU
		{80B3E5E8-234A-41C7-8A4C-67A4A003FB17}.Release|Any CPU.Build.0 = Release|Any CPU
	EndGlobalSection
	GlobalSection(SolutionProperties) = preSolution
		HideSolutionNode = FALSE
	EndGlobalSection
	GlobalSection(ExtensibilityGlobals) = postSolution
		SolutionGuid = {FF0944AA-E60C-4781-A0E6-505E0096175E}
	EndGlobalSection
EndGlobal
